
Microsoft Visual Studio Solution File, Format Version 12.00
# Visual Studio Version 16
VisualStudioVersion = 16.0.31205.134
MinimumVisualStudioVersion = 10.0.40219.1
Project("{FAE04EC0-301F-11D3-BF4B-00C04F79EFBC}") = "LibraryMangamentSystem", "LibraryMangamentSystem.csproj", "{7655F5BD-AB12-48E3-A942-BD04A860FC9C}"
EndProject
Global
	GlobalSection(SolutionConfigurationPlatforms) = preSolution
		Debug|Any CPU = Debug|Any CPU
		Release|Any CPU = Release|Any CPU
	EndGlobalSection
	GlobalSection(ProjectConfigurationPlatforms) = postSolution
		{7655F5BD-AB12-48E3-A942-BD04A860FC9C}.Debug|Any CPU.ActiveCfg = Debug|Any CPU
		{7655F5BD-AB12-48E3-A942-BD04A860FC9C}.Debug|Any CPU.Build.0 = Debug|Any CPU
		{7655F5BD-AB12-48E3-A942-BD04A860FC9C}.Release|Any CPU.ActiveCfg = Release|Any CPU
		{7655F5BD-AB12-48E3-A942-BD04A860FC9C}.Release|Any CPU.Build.0 = Release|Any CPU
	EndGlobalSection
	GlobalSection(SolutionProperties) = preSolution
		HideSolutionNode = FALSE
	EndGlobalSection
	GlobalSection(ExtensibilityGlobals) = postSolution
		SolutionGuid = {8BDE37EE-5780-4BE4-916F-B418834DA2D3}
	EndGlobalSection
EndGlobal
